{
    "version": 3,
    "terraform_version": "0.11.14",
    "serial": 11,
    "lineage": "abf20837-ac95-f171-3e45-d30bda756e99",
    "modules": [
        {
            "path": [
                "root"
            ],
            "outputs": {},
            "resources": {
                "aws_elb.elb": {
                    "type": "aws_elb",
                    "depends_on": [
                        "aws_instance.ec2_instance",
                        "aws_security_group.elb_sg"
                    ],
                    "primary": {
                        "id": "terraform-elb",
                        "attributes": {
                            "access_logs.#": "0",
                            "arn": "arn:aws:elasticloadbalancing:eu-west-2:472810842447:loadbalancer/terraform-elb",
                            "availability_zones.#": "1",
                            "availability_zones.1064674357": "eu-west-2a",
                            "connection_draining": "true",
                            "connection_draining_timeout": "400",
                            "cross_zone_load_balancing": "true",
                            "dns_name": "internal-terraform-elb-1503054919.eu-west-2.elb.amazonaws.com",
                            "health_check.#": "1",
                            "health_check.0.healthy_threshold": "2",
                            "health_check.0.interval": "30",
                            "health_check.0.target": "HTTP:8080/",
                            "health_check.0.timeout": "3",
                            "health_check.0.unhealthy_threshold": "2",
                            "id": "terraform-elb",
                            "idle_timeout": "400",
                            "instances.#": "1",
                            "instances.370228363": "i-0afe9f695e61839a4",
                            "internal": "true",
                            "listener.#": "1",
                            "listener.362967949.instance_port": "8080",
                            "listener.362967949.instance_protocol": "http",
                            "listener.362967949.lb_port": "80",
                            "listener.362967949.lb_protocol": "http",
                            "listener.362967949.ssl_certificate_id": "",
                            "name": "terraform-elb",
                            "security_groups.#": "1",
                            "security_groups.130935830": "sg-0db076d7e303eddf2",
                            "source_security_group": "472810842447/elb_sg",
                            "source_security_group_id": "sg-0db076d7e303eddf2",
                            "subnets.#": "1",
                            "subnets.597398201": "subnet-2ef84554",
                            "tags.%": "1",
                            "tags.Name": "terraform-elb",
                            "zone_id": "ZHURV8PSTC4K8"
                        },
                        "meta": {},
                        "tainted": false
                    },
                    "deposed": [],
                    "provider": "provider.aws"
                },
                "aws_elb_attachment.elb_attach": {
                    "type": "aws_elb_attachment",
                    "depends_on": [
                        "aws_elb.elb",
                        "aws_instance.ec2_instance"
                    ],
                    "primary": {
                        "id": "terraform-elb-20200508203808748000000001",
                        "attributes": {
                            "elb": "terraform-elb",
                            "id": "terraform-elb-20200508203808748000000001",
                            "instance": "i-0afe9f695e61839a4"
                        },
                        "meta": {},
                        "tainted": false
                    },
                    "deposed": [],
                    "provider": "provider.aws"
                },
                "aws_iam_instance_profile.iam_profile": {
                    "type": "aws_iam_instance_profile",
                    "depends_on": [
                        "aws_iam_role.iam_role"
                    ],
                    "primary": {
                        "id": "iam_profile",
                        "attributes": {
                            "arn": "arn:aws:iam::472810842447:instance-profile/iam_profile",
                            "create_date": "2020-05-08T17:14:25Z",
                            "id": "iam_profile",
                            "name": "iam_profile",
                            "path": "/",
                            "role": "iam_role",
                            "roles.#": "1",
                            "roles.12373440": "iam_role",
                            "unique_id": "AIPAW4FNY5FH7JUCDS7G2"
                        },
                        "meta": {},
                        "tainted": false
                    },
                    "deposed": [],
                    "provider": "provider.aws"
                },
                "aws_iam_role.iam_role": {
                    "type": "aws_iam_role",
                    "depends_on": [],
                    "primary": {
                        "id": "iam_role",
                        "attributes": {
                            "arn": "arn:aws:iam::472810842447:role/iam_role",
                            "assume_role_policy": "{\"Version\":\"2012-10-17\",\"Statement\":[{\"Sid\":\"\",\"Effect\":\"Allow\",\"Principal\":{\"Service\":\"ec2.amazonaws.com\"},\"Action\":\"sts:AssumeRole\"}]}",
                            "create_date": "2020-05-08T17:14:24Z",
                            "description": "",
                            "force_detach_policies": "false",
                            "id": "iam_role",
                            "max_session_duration": "3600",
                            "name": "iam_role",
                            "path": "/",
                            "tags.%": "1",
                            "tags.tag-key": "iam_role",
                            "unique_id": "AROAW4FNY5FHUFZO2NK6S"
                        },
                        "meta": {},
                        "tainted": false
                    },
                    "deposed": [],
                    "provider": "provider.aws"
                },
                "aws_instance.ec2_instance": {
                    "type": "aws_instance",
                    "depends_on": [
                        "aws_iam_instance_profile.iam_profile",
                        "aws_security_group.ec2_sg"
                    ],
                    "primary": {
                        "id": "i-0afe9f695e61839a4",
                        "attributes": {
                            "ami": "ami-0fc841be1f929d7d1",
                            "arn": "arn:aws:ec2:eu-west-2:472810842447:instance/i-0afe9f695e61839a4",
                            "associate_public_ip_address": "true",
                            "availability_zone": "eu-west-2a",
                            "cpu_core_count": "1",
                            "cpu_threads_per_core": "1",
                            "credit_specification.#": "1",
                            "credit_specification.0.cpu_credits": "standard",
                            "disable_api_termination": "false",
                            "ebs_block_device.#": "0",
                            "ebs_optimized": "false",
                            "ephemeral_block_device.#": "0",
                            "get_password_data": "false",
                            "hibernation": "false",
                            "iam_instance_profile": "iam_profile",
                            "id": "i-0afe9f695e61839a4",
                            "instance_state": "running",
                            "instance_type": "t2.micro",
                            "ipv6_address_count": "0",
                            "ipv6_addresses.#": "0",
                            "key_name": "awskeys",
                            "metadata_options.#": "1",
                            "metadata_options.0.http_endpoint": "enabled",
                            "metadata_options.0.http_put_response_hop_limit": "1",
                            "metadata_options.0.http_tokens": "optional",
                            "monitoring": "false",
                            "network_interface.#": "0",
                            "outpost_arn": "",
                            "password_data": "",
                            "placement_group": "",
                            "primary_network_interface_id": "eni-0ec152ca4a82cf142",
                            "private_dns": "ip-172-31-18-60.eu-west-2.compute.internal",
                            "private_ip": "172.31.18.60",
                            "public_dns": "ec2-35-176-120-164.eu-west-2.compute.amazonaws.com",
                            "public_ip": "35.176.120.164",
                            "root_block_device.#": "1",
                            "root_block_device.0.delete_on_termination": "true",
                            "root_block_device.0.device_name": "/dev/sda1",
                            "root_block_device.0.encrypted": "false",
                            "root_block_device.0.iops": "100",
                            "root_block_device.0.kms_key_id": "",
                            "root_block_device.0.volume_id": "vol-0c8aa94055dd5b8be",
                            "root_block_device.0.volume_size": "10",
                            "root_block_device.0.volume_type": "gp2",
                            "security_groups.#": "1",
                            "security_groups.579881538": "ec2_sg",
                            "source_dest_check": "true",
                            "subnet_id": "subnet-2ef84554",
                            "tags.%": "1",
                            "tags.Name": "ec2-instance",
                            "tenancy": "default",
                            "user_data": "e127327a486cd3ac34bb75c111f0ecd7d98e68ad",
                            "volume_tags.%": "0",
                            "vpc_security_group_ids.#": "1",
                            "vpc_security_group_ids.2035555656": "sg-01dd42d8166a7a196"
                        },
                        "meta": {
                            "e2bfb730-ecaa-11e6-8f88-34363bc7c4c0": {
                                "create": 600000000000,
                                "delete": 1200000000000,
                                "update": 600000000000
                            },
                            "schema_version": "1"
                        },
                        "tainted": false
                    },
                    "deposed": [],
                    "provider": "provider.aws"
                },
                "aws_security_group.ec2_sg": {
                    "type": "aws_security_group",
                    "depends_on": [],
                    "primary": {
                        "id": "sg-01dd42d8166a7a196",
                        "attributes": {
                            "arn": "arn:aws:ec2:eu-west-2:472810842447:security-group/sg-01dd42d8166a7a196",
                            "description": "Allow TLS inbound traffic",
                            "egress.#": "1",
                            "egress.482069346.cidr_blocks.#": "1",
                            "egress.482069346.cidr_blocks.0": "0.0.0.0/0",
                            "egress.482069346.description": "",
                            "egress.482069346.from_port": "0",
                            "egress.482069346.ipv6_cidr_blocks.#": "0",
                            "egress.482069346.prefix_list_ids.#": "0",
                            "egress.482069346.protocol": "-1",
                            "egress.482069346.security_groups.#": "0",
                            "egress.482069346.self": "false",
                            "egress.482069346.to_port": "0",
                            "id": "sg-01dd42d8166a7a196",
                            "ingress.#": "2",
                            "ingress.1031601799.cidr_blocks.#": "1",
                            "ingress.1031601799.cidr_blocks.0": "0.0.0.0/0",
                            "ingress.1031601799.description": "ec2 sg",
                            "ingress.1031601799.from_port": "22",
                            "ingress.1031601799.ipv6_cidr_blocks.#": "0",
                            "ingress.1031601799.prefix_list_ids.#": "0",
                            "ingress.1031601799.protocol": "tcp",
                            "ingress.1031601799.security_groups.#": "0",
                            "ingress.1031601799.self": "false",
                            "ingress.1031601799.to_port": "22",
                            "ingress.367568204.cidr_blocks.#": "1",
                            "ingress.367568204.cidr_blocks.0": "0.0.0.0/0",
                            "ingress.367568204.description": "nginx port",
                            "ingress.367568204.from_port": "80",
                            "ingress.367568204.ipv6_cidr_blocks.#": "0",
                            "ingress.367568204.prefix_list_ids.#": "0",
                            "ingress.367568204.protocol": "tcp",
                            "ingress.367568204.security_groups.#": "0",
                            "ingress.367568204.self": "false",
                            "ingress.367568204.to_port": "80",
                            "name": "ec2_sg",
                            "owner_id": "472810842447",
                            "revoke_rules_on_delete": "false",
                            "tags.%": "1",
                            "tags.Name": "ec2_sg",
                            "vpc_id": "vpc-de1c73b6"
                        },
                        "meta": {
                            "e2bfb730-ecaa-11e6-8f88-34363bc7c4c0": {
                                "create": 600000000000,
                                "delete": 600000000000
                            },
                            "schema_version": "1"
                        },
                        "tainted": false
                    },
                    "deposed": [],
                    "provider": "provider.aws"
                },
                "aws_security_group.elb_sg": {
                    "type": "aws_security_group",
                    "depends_on": [],
                    "primary": {
                        "id": "sg-0db076d7e303eddf2",
                        "attributes": {
                            "arn": "arn:aws:ec2:eu-west-2:472810842447:security-group/sg-0db076d7e303eddf2",
                            "description": "Allow TLS inbound traffic",
                            "egress.#": "1",
                            "egress.482069346.cidr_blocks.#": "1",
                            "egress.482069346.cidr_blocks.0": "0.0.0.0/0",
                            "egress.482069346.description": "",
                            "egress.482069346.from_port": "0",
                            "egress.482069346.ipv6_cidr_blocks.#": "0",
                            "egress.482069346.prefix_list_ids.#": "0",
                            "egress.482069346.protocol": "-1",
                            "egress.482069346.security_groups.#": "0",
                            "egress.482069346.self": "false",
                            "egress.482069346.to_port": "0",
                            "id": "sg-0db076d7e303eddf2",
                            "ingress.#": "2",
                            "ingress.1370732520.cidr_blocks.#": "1",
                            "ingress.1370732520.cidr_blocks.0": "0.0.0.0/0",
                            "ingress.1370732520.description": "ec2 sg",
                            "ingress.1370732520.from_port": "8080",
                            "ingress.1370732520.ipv6_cidr_blocks.#": "0",
                            "ingress.1370732520.prefix_list_ids.#": "0",
                            "ingress.1370732520.protocol": "tcp",
                            "ingress.1370732520.security_groups.#": "0",
                            "ingress.1370732520.self": "false",
                            "ingress.1370732520.to_port": "8080",
                            "ingress.367568204.cidr_blocks.#": "1",
                            "ingress.367568204.cidr_blocks.0": "0.0.0.0/0",
                            "ingress.367568204.description": "nginx port",
                            "ingress.367568204.from_port": "80",
                            "ingress.367568204.ipv6_cidr_blocks.#": "0",
                            "ingress.367568204.prefix_list_ids.#": "0",
                            "ingress.367568204.protocol": "tcp",
                            "ingress.367568204.security_groups.#": "0",
                            "ingress.367568204.self": "false",
                            "ingress.367568204.to_port": "80",
                            "name": "elb_sg",
                            "owner_id": "472810842447",
                            "revoke_rules_on_delete": "false",
                            "tags.%": "1",
                            "tags.Name": "elb_sg",
                            "vpc_id": "vpc-de1c73b6"
                        },
                        "meta": {
                            "e2bfb730-ecaa-11e6-8f88-34363bc7c4c0": {
                                "create": 600000000000,
                                "delete": 600000000000
                            },
                            "schema_version": "1"
                        },
                        "tainted": false
                    },
                    "deposed": [],
                    "provider": "provider.aws"
                }
            },
            "depends_on": []
        }
    ]
}
